
Microsoft Visual Studio Solution File, Format Version 12.00
# Visual Studio Version 16
VisualStudioVersion = 16.0.33801.447
MinimumVisualStudioVersion = 10.0.40219.1
Project("{8BC9CEB8-8B4A-11D0-8D11-00A0C91BC942}") = "FluentUiControl", "FluentUiControl\FluentUiControl.vcxproj", "{5D0EDA31-F9F7-4F42-AAB9-A89D3AA491E3}"
	ProjectSection(ProjectDependencies) = postProject
		{C2B3105F-32BE-49CE-B310-C3D5B4F37756} = {C2B3105F-32BE-49CE-B310-C3D5B4F37756}
	EndProjectSection
EndProject
Project("{8BC9CEB8-8B4A-11D0-8D11-00A0C91BC942}") = "FluentUiExample", "FluentUiExample\FluentUiExample.vcxproj", "{230CCC10-6287-4C2B-8ACF-39444F89B1F2}"
	ProjectSection(ProjectDependencies) = postProject
		{5D0EDA31-F9F7-4F42-AAB9-A89D3AA491E3} = {5D0EDA31-F9F7-4F42-AAB9-A89D3AA491E3}
		{C2B3105F-32BE-49CE-B310-C3D5B4F37756} = {C2B3105F-32BE-49CE-B310-C3D5B4F37756}
	EndProjectSection
EndProject
Project("{8BC9CEB8-8B4A-11D0-8D11-00A0C91BC942}") = "FluentUiUtils", "FluentUiUtils\FluentUiUtils.vcxproj", "{C2B3105F-32BE-49CE-B310-C3D5B4F37756}"
EndProject
Project("{8BC9CEB8-8B4A-11D0-8D11-00A0C91BC942}") = "FluentUiDemo", "FluentUiDemo\FluentUiDemo.vcxproj", "{CD3B4CC7-4B69-4CF9-855C-300F70ED7488}"
EndProject
Global
	GlobalSection(SolutionConfigurationPlatforms) = preSolution
		Debug|Win32 = Debug|Win32
		Debug|x64 = Debug|x64
		Debug|x86 = Debug|x86
		Qt5.12.12Debug|Win32 = Qt5.12.12Debug|Win32
		Qt5.12.12Debug|x64 = Qt5.12.12Debug|x64
		Qt5.12.12Debug|x86 = Qt5.12.12Debug|x86
		Release|Win32 = Release|Win32
		Release|x64 = Release|x64
		Release|x86 = Release|x86
	EndGlobalSection
	GlobalSection(ProjectConfigurationPlatforms) = postSolution
		{5D0EDA31-F9F7-4F42-AAB9-A89D3AA491E3}.Debug|Win32.ActiveCfg = Debug|Win32
		{5D0EDA31-F9F7-4F42-AAB9-A89D3AA491E3}.Debug|Win32.Build.0 = Debug|Win32
		{5D0EDA31-F9F7-4F42-AAB9-A89D3AA491E3}.Debug|x64.ActiveCfg = Debug|x64
		{5D0EDA31-F9F7-4F42-AAB9-A89D3AA491E3}.Debug|x64.Build.0 = Debug|x64
		{5D0EDA31-F9F7-4F42-AAB9-A89D3AA491E3}.Debug|x86.ActiveCfg = Debug|Win32
		{5D0EDA31-F9F7-4F42-AAB9-A89D3AA491E3}.Debug|x86.Build.0 = Debug|Win32
		{5D0EDA31-F9F7-4F42-AAB9-A89D3AA491E3}.Qt5.12.12Debug|Win32.ActiveCfg = Qt5.12.12Debug|Win32
		{5D0EDA31-F9F7-4F42-AAB9-A89D3AA491E3}.Qt5.12.12Debug|Win32.Build.0 = Qt5.12.12Debug|Win32
		{5D0EDA31-F9F7-4F42-AAB9-A89D3AA491E3}.Qt5.12.12Debug|x64.ActiveCfg = Qt5.12.12Debug|x64
		{5D0EDA31-F9F7-4F42-AAB9-A89D3AA491E3}.Qt5.12.12Debug|x64.Build.0 = Qt5.12.12Debug|x64
		{5D0EDA31-F9F7-4F42-AAB9-A89D3AA491E3}.Qt5.12.12Debug|x86.ActiveCfg = Qt5.12.12Debug|Win32
		{5D0EDA31-F9F7-4F42-AAB9-A89D3AA491E3}.Qt5.12.12Debug|x86.Build.0 = Qt5.12.12Debug|Win32
		{5D0EDA31-F9F7-4F42-AAB9-A89D3AA491E3}.Release|Win32.ActiveCfg = Release|Win32
		{5D0EDA31-F9F7-4F42-AAB9-A89D3AA491E3}.Release|Win32.Build.0 = Release|Win32
		{5D0EDA31-F9F7-4F42-AAB9-A89D3AA491E3}.Release|x64.ActiveCfg = Release|x64
		{5D0EDA31-F9F7-4F42-AAB9-A89D3AA491E3}.Release|x64.Build.0 = Release|x64
		{5D0EDA31-F9F7-4F42-AAB9-A89D3AA491E3}.Release|x86.ActiveCfg = Release|Win32
		{5D0EDA31-F9F7-4F42-AAB9-A89D3AA491E3}.Release|x86.Build.0 = Release|Win32
		{230CCC10-6287-4C2B-8ACF-39444F89B1F2}.Debug|Win32.ActiveCfg = Debug|Win32
		{230CCC10-6287-4C2B-8ACF-39444F89B1F2}.Debug|Win32.Build.0 = Debug|Win32
		{230CCC10-6287-4C2B-8ACF-39444F89B1F2}.Debug|x64.ActiveCfg = Debug|x64
		{230CCC10-6287-4C2B-8ACF-39444F89B1F2}.Debug|x64.Build.0 = Debug|x64
		{230CCC10-6287-4C2B-8ACF-39444F89B1F2}.Debug|x86.ActiveCfg = Debug|Win32
		{230CCC10-6287-4C2B-8ACF-39444F89B1F2}.Debug|x86.Build.0 = Debug|Win32
		{230CCC10-6287-4C2B-8ACF-39444F89B1F2}.Qt5.12.12Debug|Win32.ActiveCfg = Qt5.12.12Debug|Win32
		{230CCC10-6287-4C2B-8ACF-39444F89B1F2}.Qt5.12.12Debug|Win32.Build.0 = Qt5.12.12Debug|Win32
		{230CCC10-6287-4C2B-8ACF-39444F89B1F2}.Qt5.12.12Debug|x64.ActiveCfg = Qt5.12.12Debug|x64
		{230CCC10-6287-4C2B-8ACF-39444F89B1F2}.Qt5.12.12Debug|x64.Build.0 = Qt5.12.12Debug|x64
		{230CCC10-6287-4C2B-8ACF-39444F89B1F2}.Qt5.12.12Debug|x86.ActiveCfg = Qt5.12.12Debug|Win32
		{230CCC10-6287-4C2B-8ACF-39444F89B1F2}.Qt5.12.12Debug|x86.Build.0 = Qt5.12.12Debug|Win32
		{230CCC10-6287-4C2B-8ACF-39444F89B1F2}.Release|Win32.ActiveCfg = Release|Win32
		{230CCC10-6287-4C2B-8ACF-39444F89B1F2}.Release|Win32.Build.0 = Release|Win32
		{230CCC10-6287-4C2B-8ACF-39444F89B1F2}.Release|x64.ActiveCfg = Release|x64
		{230CCC10-6287-4C2B-8ACF-39444F89B1F2}.Release|x64.Build.0 = Release|x64
		{230CCC10-6287-4C2B-8ACF-39444F89B1F2}.Release|x86.ActiveCfg = Release|Win32
		{230CCC10-6287-4C2B-8ACF-39444F89B1F2}.Release|x86.Build.0 = Release|Win32
		{C2B3105F-32BE-49CE-B310-C3D5B4F37756}.Debug|Win32.ActiveCfg = Debug|Win32
		{C2B3105F-32BE-49CE-B310-C3D5B4F37756}.Debug|Win32.Build.0 = Debug|Win32
		{C2B3105F-32BE-49CE-B310-C3D5B4F37756}.Debug|x64.ActiveCfg = Debug|x64
		{C2B3105F-32BE-49CE-B310-C3D5B4F37756}.Debug|x64.Build.0 = Debug|x64
		{C2B3105F-32BE-49CE-B310-C3D5B4F37756}.Debug|x86.ActiveCfg = Debug|Win32
		{C2B3105F-32BE-49CE-B310-C3D5B4F37756}.Debug|x86.Build.0 = Debug|Win32
		{C2B3105F-32BE-49CE-B310-C3D5B4F37756}.Qt5.12.12Debug|Win32.ActiveCfg = Qt5.12.12Debug|Win32
		{C2B3105F-32BE-49CE-B310-C3D5B4F37756}.Qt5.12.12Debug|Win32.Build.0 = Qt5.12.12Debug|Win32
		{C2B3105F-32BE-49CE-B310-C3D5B4F37756}.Qt5.12.12Debug|x64.ActiveCfg = Qt5.12.12Debug|x64
		{C2B3105F-32BE-49CE-B310-C3D5B4F37756}.Qt5.12.12Debug|x64.Build.0 = Qt5.12.12Debug|x64
		{C2B3105F-32BE-49CE-B310-C3D5B4F37756}.Qt5.12.12Debug|x86.ActiveCfg = Qt5.12.12Debug|Win32
		{C2B3105F-32BE-49CE-B310-C3D5B4F37756}.Qt5.12.12Debug|x86.Build.0 = Qt5.12.12Debug|Win32
		{C2B3105F-32BE-49CE-B310-C3D5B4F37756}.Release|Win32.ActiveCfg = Release|Win32
		{C2B3105F-32BE-49CE-B310-C3D5B4F37756}.Release|Win32.Build.0 = Release|Win32
		{C2B3105F-32BE-49CE-B310-C3D5B4F37756}.Release|x64.ActiveCfg = Release|x64
		{C2B3105F-32BE-49CE-B310-C3D5B4F37756}.Release|x64.Build.0 = Release|x64
		{C2B3105F-32BE-49CE-B310-C3D5B4F37756}.Release|x86.ActiveCfg = Release|Win32
		{C2B3105F-32BE-49CE-B310-C3D5B4F37756}.Release|x86.Build.0 = Release|Win32
		{CD3B4CC7-4B69-4CF9-855C-300F70ED7488}.Debug|Win32.ActiveCfg = Debug|Win32
		{CD3B4CC7-4B69-4CF9-855C-300F70ED7488}.Debug|Win32.Build.0 = Debug|Win32
		{CD3B4CC7-4B69-4CF9-855C-300F70ED7488}.Debug|x64.ActiveCfg = Debug|x64
		{CD3B4CC7-4B69-4CF9-855C-300F70ED7488}.Debug|x64.Build.0 = Debug|x64
		{CD3B4CC7-4B69-4CF9-855C-300F70ED7488}.Debug|x86.ActiveCfg = Debug|Win32
		{CD3B4CC7-4B69-4CF9-855C-300F70ED7488}.Debug|x86.Build.0 = Debug|Win32
		{CD3B4CC7-4B69-4CF9-855C-300F70ED7488}.Qt5.12.12Debug|Win32.ActiveCfg = Qt5.12.12Debug|Win32
		{CD3B4CC7-4B69-4CF9-855C-300F70ED7488}.Qt5.12.12Debug|Win32.Build.0 = Qt5.12.12Debug|Win32
		{CD3B4CC7-4B69-4CF9-855C-300F70ED7488}.Qt5.12.12Debug|x64.ActiveCfg = Qt5.12.12Debug|x64
		{CD3B4CC7-4B69-4CF9-855C-300F70ED7488}.Qt5.12.12Debug|x64.Build.0 = Qt5.12.12Debug|x64
		{CD3B4CC7-4B69-4CF9-855C-300F70ED7488}.Qt5.12.12Debug|x86.ActiveCfg = Qt5.12.12Debug|Win32
		{CD3B4CC7-4B69-4CF9-855C-300F70ED7488}.Qt5.12.12Debug|x86.Build.0 = Qt5.12.12Debug|Win32
		{CD3B4CC7-4B69-4CF9-855C-300F70ED7488}.Release|Win32.ActiveCfg = Release|Win32
		{CD3B4CC7-4B69-4CF9-855C-300F70ED7488}.Release|Win32.Build.0 = Release|Win32
		{CD3B4CC7-4B69-4CF9-855C-300F70ED7488}.Release|x64.ActiveCfg = Release|x64
		{CD3B4CC7-4B69-4CF9-855C-300F70ED7488}.Release|x64.Build.0 = Release|x64
		{CD3B4CC7-4B69-4CF9-855C-300F70ED7488}.Release|x86.ActiveCfg = Release|Win32
		{CD3B4CC7-4B69-4CF9-855C-300F70ED7488}.Release|x86.Build.0 = Release|Win32
	EndGlobalSection
	GlobalSection(SolutionProperties) = preSolution
		HideSolutionNode = FALSE
	EndGlobalSection
	GlobalSection(ExtensibilityGlobals) = postSolution
		SolutionGuid = {607556E1-BB07-4CCD-A222-270091A6991A}
	EndGlobalSection
EndGlobal
