<?xml version="1.0" encoding="utf-8"?>
<Project ToolsVersion="4.0" xmlns="http://schemas.microsoft.com/developer/msbuild/2003">
  <ItemGroup>
    <Filter Include="Source Files">
      <UniqueIdentifier>{4FC737F1-C7A5-4376-A066-2A32D752A2FF}</UniqueIdentifier>
      <Extensions>qml;cpp;c;cc;cxx;def;odl;idl;hpj;bat;asm;asmx</Extensions>
    </Filter>
    <Filter Include="Header Files">
      <UniqueIdentifier>{93995380-89BD-4b04-88EB-625FBE52EBFB}</UniqueIdentifier>
      <Extensions>h;hh;hpp;hxx;hm;inl;inc;xsd</Extensions>
    </Filter>
    <Filter Include="Resource Files">
      <UniqueIdentifier>{67DA6AB6-F800-4c08-8B7A-83BB121AAD01}</UniqueIdentifier>
      <Extensions>qrc;rc;ico;cur;bmp;dlg;rc2;rct;bin;rgs;gif;jpg;jpeg;jpe;resx;tiff;tif;png;wav;mfcribbon-ms</Extensions>
    </Filter>
    <Filter Include="Form Files">
      <UniqueIdentifier>{99349809-55BA-4b9d-BF79-8FDBB0286EB3}</UniqueIdentifier>
      <Extensions>ui</Extensions>
    </Filter>
    <Filter Include="Translation Files">
      <UniqueIdentifier>{639EADAA-A684-42e4-A9AD-28FC9BCB8F7C}</UniqueIdentifier>
      <Extensions>ts</Extensions>
    </Filter>
  </ItemGroup>
  <ItemGroup>
    <ClInclude Include="FluentUiControlGlobal.h">
      <Filter>Header Files</Filter>
    </ClInclude>
    <ClCompile Include="FluentUiControl.cpp">
      <Filter>Source Files</Filter>
    </ClCompile>
    <ClInclude Include="FluentUiControl.h">
      <Filter>Header Files</Filter>
    </ClInclude>
    <ClInclude Include="FluDef.h">
      <Filter>Header Files</Filter>
    </ClInclude>
    <ClInclude Include="FluImgWidget.h">
      <Filter>Header Files</Filter>
    </ClInclude>
    <ClInclude Include="FluFlowLayout.h">
      <Filter>Header Files</Filter>
    </ClInclude>
  </ItemGroup>
  <ItemGroup>
    <QtMoc Include="FluFrameLessWidgetV1.h">
      <Filter>Header Files</Filter>
    </QtMoc>
    <QtMoc Include="FluLabel.h">
      <Filter>Header Files</Filter>
    </QtMoc>
    <QtMoc Include="FluWidget.h">
      <Filter>Header Files</Filter>
    </QtMoc>
    <QtMoc Include="FluSampleCardView.h">
      <Filter>Header Files</Filter>
    </QtMoc>
    <QtMoc Include="FluMainWidget.h">
      <Filter>Header Files</Filter>
    </QtMoc>
    <QtMoc Include="FluHomeInterface.h">
      <Filter>Header Files</Filter>
    </QtMoc>
    <QtMoc Include="FluBannerWidget.h">
      <Filter>Header Files</Filter>
    </QtMoc>
    <QtMoc Include="FluLinkCardView.h">
      <Filter>Header Files</Filter>
    </QtMoc>
    <QtMoc Include="FluLinkCardWidget.h">
      <Filter>Header Files</Filter>
    </QtMoc>
    <QtMoc Include="FluSampleCard.h">
      <Filter>Header Files</Filter>
    </QtMoc>
    <QtMoc Include="FluNavigationInterface.h">
      <Filter>Header Files</Filter>
    </QtMoc>
    <QtMoc Include="FluNavigationWidget.h">
      <Filter>Header Files</Filter>
    </QtMoc>
    <QtMoc Include="FluNavigationPushButton.h">
      <Filter>Header Files</Filter>
    </QtMoc>
  </ItemGroup>
  <ItemGroup>
    <ClCompile Include="FluFrameLessWidgetV1.cpp">
      <Filter>Source Files</Filter>
    </ClCompile>
    <ClCompile Include="FluLabel.cpp">
      <Filter>Source Files</Filter>
    </ClCompile>
    <ClCompile Include="FluWidget.cpp">
      <Filter>Source Files</Filter>
    </ClCompile>
    <ClCompile Include="FluMainWidget.cpp">
      <Filter>Source Files</Filter>
    </ClCompile>
    <ClCompile Include="FluImgWidget.cpp">
      <Filter>Source Files</Filter>
    </ClCompile>
    <ClCompile Include="FluLinkCardWidget.cpp">
      <Filter>Source Files</Filter>
    </ClCompile>
    <ClCompile Include="FluFlowLayout.cpp">
      <Filter>Source Files</Filter>
    </ClCompile>
    <ClCompile Include="FluSampleCard.cpp">
      <Filter>Source Files</Filter>
    </ClCompile>
    <ClCompile Include="FluSampleCardView.cpp">
      <Filter>Source Files</Filter>
    </ClCompile>
    <ClCompile Include="FluHomeInterface.cpp">
      <Filter>Source Files</Filter>
    </ClCompile>
    <ClCompile Include="FluBannerWidget.cpp">
      <Filter>Source Files</Filter>
    </ClCompile>
    <ClCompile Include="FluLinkCardView.cpp">
      <Filter>Source Files</Filter>
    </ClCompile>
    <ClCompile Include="FluNavigationInterface.cpp">
      <Filter>Source Files</Filter>
    </ClCompile>
    <ClCompile Include="FluNavigationWidget.cpp">
      <Filter>Source Files</Filter>
    </ClCompile>
    <ClCompile Include="FluNavigationPushButton.cpp">
      <Filter>Source Files</Filter>
    </ClCompile>
  </ItemGroup>
</Project>